
Microsoft Visual Studio Solution File, Format Version 12.00
# Visual Studio 15
VisualStudioVersion = 15.0.28307.960
MinimumVisualStudioVersion = 10.0.40219.1
Project("{FAE04EC0-301F-11D3-BF4B-00C04F79EFBC}") = "InvoiceManager", "WebApi\InvoiceManager.csproj", "{B2727DE2-EDBC-4366-A820-7FEFCBDAA387}"
EndProject
Project("{FAE04EC0-301F-11D3-BF4B-00C04F79EFBC}") = "Tests", "Tests\Tests.csproj", "{8D6D9CB4-D361-4932-913A-3165B8C7BB74}"
EndProject
Global
	GlobalSection(SolutionConfigurationPlatforms) = preSolution
		Debug|Any CPU = Debug|Any CPU
		Release|Any CPU = Release|Any CPU
	EndGlobalSection
	GlobalSection(ProjectConfigurationPlatforms) = postSolution
		{B2727DE2-EDBC-4366-A820-7FEFCBDAA387}.Debug|Any CPU.ActiveCfg = Debug|Any CPU
		{B2727DE2-EDBC-4366-A820-7FEFCBDAA387}.Debug|Any CPU.Build.0 = Debug|Any CPU
		{B2727DE2-EDBC-4366-A820-7FEFCBDAA387}.Release|Any CPU.ActiveCfg = Release|Any CPU
		{B2727DE2-EDBC-4366-A820-7FEFCBDAA387}.Release|Any CPU.Build.0 = Release|Any CPU
		{8D6D9CB4-D361-4932-913A-3165B8C7BB74}.Debug|Any CPU.ActiveCfg = Debug|Any CPU
		{8D6D9CB4-D361-4932-913A-3165B8C7BB74}.Debug|Any CPU.Build.0 = Debug|Any CPU
		{8D6D9CB4-D361-4932-913A-3165B8C7BB74}.Release|Any CPU.ActiveCfg = Release|Any CPU
		{8D6D9CB4-D361-4932-913A-3165B8C7BB74}.Release|Any CPU.Build.0 = Release|Any CPU
	EndGlobalSection
	GlobalSection(SolutionProperties) = preSolution
		HideSolutionNode = FALSE
	EndGlobalSection
	GlobalSection(ExtensibilityGlobals) = postSolution
		SolutionGuid = {372D4A80-A927-4357-9B6B-7DE1574C3AEB}
	EndGlobalSection
EndGlobal
